
Microsoft Visual Studio Solution File, Format Version 12.00
# Visual Studio Version 17
VisualStudioVersion = 17.14.36310.24
MinimumVisualStudioVersion = 10.0.40219.1
Project("{FAE04EC0-301F-11D3-BF4B-00C04F79EFBC}") = "SomniumUnityExplorerHelper", "SomniumUnityExplorerHelper.csproj", "{E794CAC4-54BB-4DA0-A4B9-134CD033924D}"
EndProject
Global
	GlobalSection(SolutionConfigurationPlatforms) = preSolution
		AINS|Any CPU = AINS|Any CPU
	EndGlobalSection
	GlobalSection(ProjectConfigurationPlatforms) = postSolution
		{E794CAC4-54BB-4DA0-A4B9-134CD033924D}.AINS|Any CPU.ActiveCfg = AINS|Any CPU
		{E794CAC4-54BB-4DA0-A4B9-134CD033924D}.AINS|Any CPU.Build.0 = AINS|Any CPU
	EndGlobalSection
	GlobalSection(SolutionProperties) = preSolution
		HideSolutionNode = FALSE
	EndGlobalSection
	GlobalSection(ExtensibilityGlobals) = postSolution
		SolutionGuid = {EBAE2F9E-D084-4A36-B945-19EC6C8EC451}
	EndGlobalSection
EndGlobal
